
Microsoft Visual Studio Solution File, Format Version 12.00
# Visual Studio Version 17
VisualStudioVersion = 17.8.34408.163
MinimumVisualStudioVersion = 10.0.40219.1
Project("{2150E333-8FDC-42A3-9474-1A3956D46DE8}") = "Services", "Services", "{2EA86E32-BC01-4688-B2A0-3B80DFC4E4FB}"
EndProject
Project("{2150E333-8FDC-42A3-9474-1A3956D46DE8}") = "Catalog", "Catalog", "{E0CE4128-00EB-4FFC-849E-83EAE122FF9B}"
EndProject
Project("{9A19103F-16F7-4668-BE54-9A1E7A4F7556}") = "Catalog.API", "Services\Catalog\Catalog.API\Catalog.API.csproj", "{93C6A1E7-C260-43FA-9D85-E43CAD69668B}"
EndProject
Project("{E53339B2-1760-4266-BCC7-CA923CBCF16C}") = "docker-compose", "docker-compose.dcproj", "{F0315E39-A410-4ADD-9310-E48916B0B9C1}"
EndProject
Global
	GlobalSection(SolutionConfigurationPlatforms) = preSolution
		Debug|Any CPU = Debug|Any CPU
		Release|Any CPU = Release|Any CPU
	EndGlobalSection
	GlobalSection(ProjectConfigurationPlatforms) = postSolution
		{93C6A1E7-C260-43FA-9D85-E43CAD69668B}.Debug|Any CPU.ActiveCfg = Debug|Any CPU
		{93C6A1E7-C260-43FA-9D85-E43CAD69668B}.Debug|Any CPU.Build.0 = Debug|Any CPU
		{93C6A1E7-C260-43FA-9D85-E43CAD69668B}.Release|Any CPU.ActiveCfg = Release|Any CPU
		{93C6A1E7-C260-43FA-9D85-E43CAD69668B}.Release|Any CPU.Build.0 = Release|Any CPU
		{F0315E39-A410-4ADD-9310-E48916B0B9C1}.Debug|Any CPU.ActiveCfg = Debug|Any CPU
		{F0315E39-A410-4ADD-9310-E48916B0B9C1}.Debug|Any CPU.Build.0 = Debug|Any CPU
		{F0315E39-A410-4ADD-9310-E48916B0B9C1}.Release|Any CPU.ActiveCfg = Release|Any CPU
		{F0315E39-A410-4ADD-9310-E48916B0B9C1}.Release|Any CPU.Build.0 = Release|Any CPU
	EndGlobalSection
	GlobalSection(SolutionProperties) = preSolution
		HideSolutionNode = FALSE
	EndGlobalSection
	GlobalSection(NestedProjects) = preSolution
		{E0CE4128-00EB-4FFC-849E-83EAE122FF9B} = {2EA86E32-BC01-4688-B2A0-3B80DFC4E4FB}
		{93C6A1E7-C260-43FA-9D85-E43CAD69668B} = {E0CE4128-00EB-4FFC-849E-83EAE122FF9B}
	EndGlobalSection
	GlobalSection(ExtensibilityGlobals) = postSolution
		SolutionGuid = {FE306A93-1C7B-42C7-9875-E2FC4531A73C}
	EndGlobalSection
EndGlobal
